
Microsoft Visual Studio Solution File, Format Version 12.00
# Visual Studio 2012
Project("{FAE04EC0-301F-11D3-BF4B-00C04F79EFBC}") = "ADozenRenames", "ADozenRenames\ADozenRenames.csproj", "{AFE62FA9-D221-4C5C-A882-0F2B40058A93}"
EndProject
Global
	GlobalSection(SolutionConfigurationPlatforms) = preSolution
		Debug|Any CPU = Debug|Any CPU
		Release|Any CPU = Release|Any CPU
	EndGlobalSection
	GlobalSection(ProjectConfigurationPlatforms) = postSolution
		{AFE62FA9-D221-4C5C-A882-0F2B40058A93}.Debug|Any CPU.ActiveCfg = Debug|Any CPU
		{AFE62FA9-D221-4C5C-A882-0F2B40058A93}.Debug|Any CPU.Build.0 = Debug|Any CPU
		{AFE62FA9-D221-4C5C-A882-0F2B40058A93}.Release|Any CPU.ActiveCfg = Release|Any CPU
		{AFE62FA9-D221-4C5C-A882-0F2B40058A93}.Release|Any CPU.Build.0 = Release|Any CPU
	EndGlobalSection
	GlobalSection(SolutionProperties) = preSolution
		HideSolutionNode = FALSE
	EndGlobalSection
EndGlobal
